schema: '2.0'
stages:
  extract:
    cmd: tar -xvzf data/images.tar.gz --directory data
    deps:
    - path: data/images.tar.gz
      md5: 3c8f026df7c3973bcec8e9f945026eb2
      size: 34312619
    outs:
    - path: data/images/
      md5: 0ebacd64e04c0e4a97d8fa48a4d707e6.dir
      size: 35401667
      nfiles: 70000
  train:
    cmd: python3 src/train.py
    deps:
    - path: data/images/
      md5: 0ebacd64e04c0e4a97d8fa48a4d707e6.dir
      size: 35401667
      nfiles: 70000
    - path: src/train.py
      md5: 928697d14d61b35a5a2e617e90cb58ea
      size: 3614
    params:
      params.yaml:
        model.conv_units: 16
        train.epochs: 10
    outs:
    - path: logs.csv
      md5: 7294cd06c92fc62cf95269fe08c78f60
      size: 861
    - path: metrics.json
      md5: 0f018ec494e4dccabdf67993c59a56ac
      size: 55
    - path: models/model.h5
      md5: 9f34952a5203e153c0d0f887d756832a
      size: 4208304
